
Microsoft Visual Studio Solution File, Format Version 12.00
# Visual Studio Version 17
VisualStudioVersion = 17.0.31903.59
MinimumVisualStudioVersion = 10.0.40219.1
Project("{2150E333-8FDC-42A3-9474-1A3956D46DE8}") = "src", "src", "{8A527484-1D09-4DCF-8F53-5C9B34CC2E4D}"
EndProject
Project("{FAE04EC0-301F-11D3-BF4B-00C04F79EFBC}") = "Chirp.Core", "src\Chirp.Core\Chirp.Core.csproj", "{14FA2AA9-906C-4925-8D21-87BA9AFEF0F9}"
EndProject
Project("{FAE04EC0-301F-11D3-BF4B-00C04F79EFBC}") = "Chirp.Infrastructure", "src\Chirp.Infrastructure\Chirp.Infrastructure.csproj", "{F45D4FE6-5A63-46BC-B530-5B46CDF9ACA6}"
EndProject
Project("{FAE04EC0-301F-11D3-BF4B-00C04F79EFBC}") = "Chirp.Migrations", "src\Chirp.Migrations\Chirp.Migrations.csproj", "{2D071AAB-6E9F-499B-A93E-CF4554C09ABB}"
EndProject
Project("{FAE04EC0-301F-11D3-BF4B-00C04F79EFBC}") = "Chirp.web", "src\Chirp.Web\Chirp.web.csproj", "{B3651E6D-CCBC-471C-8AFA-BE22141399C9}"
EndProject
Project("{2150E333-8FDC-42A3-9474-1A3956D46DE8}") = "test", "test", "{36EC9547-BDD1-4225-8AC2-851EAC0E95D8}"
EndProject
Project("{FAE04EC0-301F-11D3-BF4B-00C04F79EFBC}") = "Chirp.CLI.Test", "test\Chirp.CLI.Test\Chirp.CLI.Test.csproj", "{259871C0-5E16-4730-8ACF-D328A78F7313}"
EndProject
Project("{FAE04EC0-301F-11D3-BF4B-00C04F79EFBC}") = "Chirp.Infrastructure.Test", "test\Chirp.Infrastructure.Test\Chirp.Infrastructure.Test.csproj", "{59220EBF-49FF-4213-9EB7-A3FFA5DEFC0F}"
EndProject
Project("{FAE04EC0-301F-11D3-BF4B-00C04F79EFBC}") = "Chirp.Razor.Test", "test\Chirp.Razor.Test\Chirp.Razor.Test.csproj", "{6372B80F-92F6-468A-A693-447F64C40334}"
EndProject
Project("{FAE04EC0-301F-11D3-BF4B-00C04F79EFBC}") = "Chirp.Web.Test", "test\Chirp.Web.Test\Chirp.Web.Test.csproj", "{E6EF267C-9A22-411F-AABF-0B1850644C2A}"
EndProject
Global
	GlobalSection(SolutionConfigurationPlatforms) = preSolution
		Debug|Any CPU = Debug|Any CPU
		Release|Any CPU = Release|Any CPU
	EndGlobalSection
	GlobalSection(SolutionProperties) = preSolution
		HideSolutionNode = FALSE
	EndGlobalSection
	GlobalSection(ProjectConfigurationPlatforms) = postSolution
		{14FA2AA9-906C-4925-8D21-87BA9AFEF0F9}.Debug|Any CPU.ActiveCfg = Debug|Any CPU
		{14FA2AA9-906C-4925-8D21-87BA9AFEF0F9}.Debug|Any CPU.Build.0 = Debug|Any CPU
		{14FA2AA9-906C-4925-8D21-87BA9AFEF0F9}.Release|Any CPU.ActiveCfg = Release|Any CPU
		{14FA2AA9-906C-4925-8D21-87BA9AFEF0F9}.Release|Any CPU.Build.0 = Release|Any CPU
		{F45D4FE6-5A63-46BC-B530-5B46CDF9ACA6}.Debug|Any CPU.ActiveCfg = Debug|Any CPU
		{F45D4FE6-5A63-46BC-B530-5B46CDF9ACA6}.Debug|Any CPU.Build.0 = Debug|Any CPU
		{F45D4FE6-5A63-46BC-B530-5B46CDF9ACA6}.Release|Any CPU.ActiveCfg = Release|Any CPU
		{F45D4FE6-5A63-46BC-B530-5B46CDF9ACA6}.Release|Any CPU.Build.0 = Release|Any CPU
		{2D071AAB-6E9F-499B-A93E-CF4554C09ABB}.Debug|Any CPU.ActiveCfg = Debug|Any CPU
		{2D071AAB-6E9F-499B-A93E-CF4554C09ABB}.Debug|Any CPU.Build.0 = Debug|Any CPU
		{2D071AAB-6E9F-499B-A93E-CF4554C09ABB}.Release|Any CPU.ActiveCfg = Release|Any CPU
		{2D071AAB-6E9F-499B-A93E-CF4554C09ABB}.Release|Any CPU.Build.0 = Release|Any CPU
		{B3651E6D-CCBC-471C-8AFA-BE22141399C9}.Debug|Any CPU.ActiveCfg = Debug|Any CPU
		{B3651E6D-CCBC-471C-8AFA-BE22141399C9}.Debug|Any CPU.Build.0 = Debug|Any CPU
		{B3651E6D-CCBC-471C-8AFA-BE22141399C9}.Release|Any CPU.ActiveCfg = Release|Any CPU
		{B3651E6D-CCBC-471C-8AFA-BE22141399C9}.Release|Any CPU.Build.0 = Release|Any CPU
		{259871C0-5E16-4730-8ACF-D328A78F7313}.Debug|Any CPU.ActiveCfg = Debug|Any CPU
		{259871C0-5E16-4730-8ACF-D328A78F7313}.Debug|Any CPU.Build.0 = Debug|Any CPU
		{259871C0-5E16-4730-8ACF-D328A78F7313}.Release|Any CPU.ActiveCfg = Release|Any CPU
		{259871C0-5E16-4730-8ACF-D328A78F7313}.Release|Any CPU.Build.0 = Release|Any CPU
		{59220EBF-49FF-4213-9EB7-A3FFA5DEFC0F}.Debug|Any CPU.ActiveCfg = Debug|Any CPU
		{59220EBF-49FF-4213-9EB7-A3FFA5DEFC0F}.Debug|Any CPU.Build.0 = Debug|Any CPU
		{59220EBF-49FF-4213-9EB7-A3FFA5DEFC0F}.Release|Any CPU.ActiveCfg = Release|Any CPU
		{59220EBF-49FF-4213-9EB7-A3FFA5DEFC0F}.Release|Any CPU.Build.0 = Release|Any CPU
		{6372B80F-92F6-468A-A693-447F64C40334}.Debug|Any CPU.ActiveCfg = Debug|Any CPU
		{6372B80F-92F6-468A-A693-447F64C40334}.Debug|Any CPU.Build.0 = Debug|Any CPU
		{6372B80F-92F6-468A-A693-447F64C40334}.Release|Any CPU.ActiveCfg = Release|Any CPU
		{6372B80F-92F6-468A-A693-447F64C40334}.Release|Any CPU.Build.0 = Release|Any CPU
		{E6EF267C-9A22-411F-AABF-0B1850644C2A}.Debug|Any CPU.ActiveCfg = Debug|Any CPU
		{E6EF267C-9A22-411F-AABF-0B1850644C2A}.Debug|Any CPU.Build.0 = Debug|Any CPU
		{E6EF267C-9A22-411F-AABF-0B1850644C2A}.Release|Any CPU.ActiveCfg = Release|Any CPU
		{E6EF267C-9A22-411F-AABF-0B1850644C2A}.Release|Any CPU.Build.0 = Release|Any CPU
	EndGlobalSection
	GlobalSection(NestedProjects) = preSolution
		{14FA2AA9-906C-4925-8D21-87BA9AFEF0F9} = {8A527484-1D09-4DCF-8F53-5C9B34CC2E4D}
		{F45D4FE6-5A63-46BC-B530-5B46CDF9ACA6} = {8A527484-1D09-4DCF-8F53-5C9B34CC2E4D}
		{2D071AAB-6E9F-499B-A93E-CF4554C09ABB} = {8A527484-1D09-4DCF-8F53-5C9B34CC2E4D}
		{B3651E6D-CCBC-471C-8AFA-BE22141399C9} = {8A527484-1D09-4DCF-8F53-5C9B34CC2E4D}
		{259871C0-5E16-4730-8ACF-D328A78F7313} = {36EC9547-BDD1-4225-8AC2-851EAC0E95D8}
		{59220EBF-49FF-4213-9EB7-A3FFA5DEFC0F} = {36EC9547-BDD1-4225-8AC2-851EAC0E95D8}
		{6372B80F-92F6-468A-A693-447F64C40334} = {36EC9547-BDD1-4225-8AC2-851EAC0E95D8}
		{E6EF267C-9A22-411F-AABF-0B1850644C2A} = {36EC9547-BDD1-4225-8AC2-851EAC0E95D8}
	EndGlobalSection
EndGlobal
